// !$*UTF8*$!
{
	archiveVersion = 1;
	classes = {
	};
	objectVersion = 46;
	objects = {

/* Begin PBXBuildFile section */
		00669CA31888EC4200115850 /* Foundation.framework in Frameworks */ = {isa = PBXBuildFile; fileRef = 00669CA21888EC4200115850 /* Foundation.framework */; };
		00669CA51888EC4200115850 /* CoreGraphics.framework in Frameworks */ = {isa = PBXBuildFile; fileRef = 00669CA41888EC4200115850 /* CoreGraphics.framework */; };
		00669CA71888EC4200115850 /* UIKit.framework in Frameworks */ = {isa = PBXBuildFile; fileRef = 00669CA61888EC4200115850 /* UIKit.framework */; };
		00669CAD1888EC4200115850 /* InfoPlist.strings in Resources */ = {isa = PBXBuildFile; fileRef = 00669CAB1888EC4200115850 /* InfoPlist.strings */; };
		00669CAF1888EC4200115850 /* main.m in Sources */ = {isa = PBXBuildFile; fileRef = 00669CAE1888EC4200115850 /* main.m */; };
		00669CB31888EC4200115850 /* AppDelegate.m in Sources */ = {isa = PBXBuildFile; fileRef = 00669CB21888EC4200115850 /* AppDelegate.m */; };
		00669CB61888EC4200115850 /* Main.storyboard in Resources */ = {isa = PBXBuildFile; fileRef = 00669CB41888EC4200115850 /* Main.storyboard */; };
		00669CB91888EC4200115850 /* ViewController.m in Sources */ = {isa = PBXBuildFile; fileRef = 00669CB81888EC4200115850 /* ViewController.m */; };
		00669CBB1888EC4200115850 /* Images.xcassets in Resources */ = {isa = PBXBuildFile; fileRef = 00669CBA1888EC4200115850 /* Images.xcassets */; };
		00669CC21888EC4200115850 /* XCTest.framework in Frameworks */ = {isa = PBXBuildFile; fileRef = 00669CC11888EC4200115850 /* XCTest.framework */; };
		00669CC31888EC4200115850 /* Foundation.framework in Frameworks */ = {isa = PBXBuildFile; fileRef = 00669CA21888EC4200115850 /* Foundation.framework */; };
		00669CC41888EC4200115850 /* UIKit.framework in Frameworks */ = {isa = PBXBuildFile; fileRef = 00669CA61888EC4200115850 /* UIKit.framework */; };
		00669CCC1888EC4200115850 /* InfoPlist.strings in Resources */ = {isa = PBXBuildFile; fileRef = 00669CCA1888EC4200115850 /* InfoPlist.strings */; };
		00669CCE1888EC4200115850 /* TMapPOITestTests.m in Sources */ = {isa = PBXBuildFile; fileRef = 00669CCD1888EC4200115850 /* TMapPOITestTests.m */; };
		00669D001888EC6200115850 /* desktop.ini in Resources */ = {isa = PBXBuildFile; fileRef = 00669CF01888EC6200115850 /* desktop.ini */; };
		00669D011888EC6200115850 /* HeadingAngleSmall.png in Resources */ = {isa = PBXBuildFile; fileRef = 00669CF11888EC6200115850 /* HeadingAngleSmall.png */; };
		00669D021888EC6200115850 /* HeadingAngleSmall@2x.png in Resources */ = {isa = PBXBuildFile; fileRef = 00669CF21888EC6200115850 /* HeadingAngleSmall@2x.png */; };
		00669D031888EC6200115850 /* icon_clustering.png in Resources */ = {isa = PBXBuildFile; fileRef = 00669CF31888EC6200115850 /* icon_clustering.png */; };
		00669D041888EC6200115850 /* icon_clustering@2x.png in Resources */ = {isa = PBXBuildFile; fileRef = 00669CF41888EC6200115850 /* icon_clustering@2x.png */; };
		00669D051888EC6200115850 /* mapbg_tlogo.png in Resources */ = {isa = PBXBuildFile; fileRef = 00669CF51888EC6200115850 /* mapbg_tlogo.png */; };
		00669D061888EC6200115850 /* mapbg_tlogo@2x.png in Resources */ = {isa = PBXBuildFile; fileRef = 00669CF61888EC6200115850 /* mapbg_tlogo@2x.png */; };
		00669D071888EC6200115850 /* poweredby.png in Resources */ = {isa = PBXBuildFile; fileRef = 00669CF71888EC6200115850 /* poweredby.png */; };
		00669D081888EC6200115850 /* poweredby@2x.png in Resources */ = {isa = PBXBuildFile; fileRef = 00669CF81888EC6200115850 /* poweredby@2x.png */; };
		00669D091888EC6200115850 /* TrackingDot.png in Resources */ = {isa = PBXBuildFile; fileRef = 00669CF91888EC6200115850 /* TrackingDot.png */; };
		00669D0A1888EC6200115850 /* TrackingDot@2x.png in Resources */ = {isa = PBXBuildFile; fileRef = 00669CFA1888EC6200115850 /* TrackingDot@2x.png */; };
		00669D0B1888EC6200115850 /* TrackingDotHalo.png in Resources */ = {isa = PBXBuildFile; fileRef = 00669CFB1888EC6200115850 /* TrackingDotHalo.png */; };
		00669D0C1888EC6200115850 /* TrackingDotHalo@2x.png in Resources */ = {isa = PBXBuildFile; fileRef = 00669CFC1888EC6200115850 /* TrackingDotHalo@2x.png */; };
		00669D0D1888EC6200115850 /* libskpMap_OP-iOS7.0.a in Frameworks */ = {isa = PBXBuildFile; fileRef = 00669CFD1888EC6200115850 /* libskpMap_OP-iOS7.0.a */; };
		00669D0F1888EF9400115850 /* red_pin.png in Resources */ = {isa = PBXBuildFile; fileRef = 00669D0E1888EF9400115850 /* red_pin.png */; };
/* End PBXBuildFile section */

/* Begin PBXContainerItemProxy section */
		00669CC51888EC4200115850 /* PBXContainerItemProxy */ = {
			isa = PBXContainerItemProxy;
			containerPortal = 00669C971888EC4200115850 /* Project object */;
			proxyType = 1;
			remoteGlobalIDString = 00669C9E1888EC4200115850;
			remoteInfo = TMapPOITest;
		};
/* End PBXContainerItemProxy section */

/* Begin PBXFileReference section */
		00669C9F1888EC4200115850 /* TMapPOITest.app */ = {isa = PBXFileReference; explicitFileType = wrapper.application; includeInIndex = 0; path = TMapPOITest.app; sourceTree = BUILT_PRODUCTS_DIR; };
		00669CA21888EC4200115850 /* Foundation.framework */ = {isa = PBXFileReference; lastKnownFileType = wrapper.framework; name = Foundation.framework; path = System/Library/Frameworks/Foundation.framework; sourceTree = SDKROOT; };
		00669CA41888EC4200115850 /* CoreGraphics.framework */ = {isa = PBXFileReference; lastKnownFileType = wrapper.framework; name = CoreGraphics.framework; path = System/Library/Frameworks/CoreGraphics.framework; sourceTree = SDKROOT; };
		00669CA61888EC4200115850 /* UIKit.framework */ = {isa = PBXFileReference; lastKnownFileType = wrapper.framework; name = UIKit.framework; path = System/Library/Frameworks/UIKit.framework; sourceTree = SDKROOT; };
		00669CAA1888EC4200115850 /* TMapPOITest-Info.plist */ = {isa = PBXFileReference; lastKnownFileType = text.plist.xml; path = "TMapPOITest-Info.plist"; sourceTree = "<group>"; };
		00669CAC1888EC4200115850 /* en */ = {isa = PBXFileReference; lastKnownFileType = text.plist.strings; name = en; path = en.lproj/InfoPlist.strings; sourceTree = "<group>"; };
		00669CAE1888EC4200115850 /* main.m */ = {isa = PBXFileReference; lastKnownFileType = sourcecode.c.objc; path = main.m; sourceTree = "<group>"; };
		00669CB01888EC4200115850 /* TMapPOITest-Prefix.pch */ = {isa = PBXFileReference; lastKnownFileType = sourcecode.c.h; path = "TMapPOITest-Prefix.pch"; sourceTree = "<group>"; };
		00669CB11888EC4200115850 /* AppDelegate.h */ = {isa = PBXFileReference; lastKnownFileType = sourcecode.c.h; path = AppDelegate.h; sourceTree = "<group>"; };
		00669CB21888EC4200115850 /* AppDelegate.m */ = {isa = PBXFileReference; lastKnownFileType = sourcecode.c.objc; path = AppDelegate.m; sourceTree = "<group>"; };
		00669CB51888EC4200115850 /* Base */ = {isa = PBXFileReference; lastKnownFileType = file.storyboard; name = Base; path = Base.lproj/Main.storyboard; sourceTree = "<group>"; };
		00669CB71888EC4200115850 /* ViewController.h */ = {isa = PBXFileReference; lastKnownFileType = sourcecode.c.h; path = ViewController.h; sourceTree = "<group>"; };
		00669CB81888EC4200115850 /* ViewController.m */ = {isa = PBXFileReference; lastKnownFileType = sourcecode.c.objc; path = ViewController.m; sourceTree = "<group>"; };
		00669CBA1888EC4200115850 /* Images.xcassets */ = {isa = PBXFileReference; lastKnownFileType = folder.assetcatalog; path = Images.xcassets; sourceTree = "<group>"; };
		00669CC01888EC4200115850 /* TMapPOITestTests.xctest */ = {isa = PBXFileReference; explicitFileType = wrapper.cfbundle; includeInIndex = 0; path = TMapPOITestTests.xctest; sourceTree = BUILT_PRODUCTS_DIR; };
		00669CC11888EC4200115850 /* XCTest.framework */ = {isa = PBXFileReference; lastKnownFileType = wrapper.framework; name = XCTest.framework; path = Library/Frameworks/XCTest.framework; sourceTree = DEVELOPER_DIR; };
		00669CC91888EC4200115850 /* TMapPOITestTests-Info.plist */ = {isa = PBXFileReference; lastKnownFileType = text.plist.xml; path = "TMapPOITestTests-Info.plist"; sourceTree = "<group>"; };
		00669CCB1888EC4200115850 /* en */ = {isa = PBXFileReference; lastKnownFileType = text.plist.strings; name = en; path = en.lproj/InfoPlist.strings; sourceTree = "<group>"; };
		00669CCD1888EC4200115850 /* TMapPOITestTests.m */ = {isa = PBXFileReference; lastKnownFileType = sourcecode.c.objc; path = TMapPOITestTests.m; sourceTree = "<group>"; };
		00669CDA1888EC6200115850 /* BizCategory.h */ = {isa = PBXFileReference; fileEncoding = 4; lastKnownFileType = sourcecode.c.h; path = BizCategory.h; sourceTree = "<group>"; };
		00669CDC1888EC6200115850 /* TMap.h */ = {isa = PBXFileReference; fileEncoding = 4; lastKnownFileType = sourcecode.c.h; path = TMap.h; sourceTree = "<group>"; };
		00669CDD1888EC6200115850 /* TMapAnnotation.h */ = {isa = PBXFileReference; fileEncoding = 4; lastKnownFileType = sourcecode.c.h; path = TMapAnnotation.h; sourceTree = "<group>"; };
		00669CDE1888EC6200115850 /* TMapBaseView.h */ = {isa = PBXFileReference; fileEncoding = 4; lastKnownFileType = sourcecode.c.h; path = TMapBaseView.h; sourceTree = "<group>"; };
		00669CDF1888EC6200115850 /* TMapCircle.h */ = {isa = PBXFileReference; fileEncoding = 4; lastKnownFileType = sourcecode.c.h; path = TMapCircle.h; sourceTree = "<group>"; };
		00669CE01888EC6200115850 /* TMapGpsManager.h */ = {isa = PBXFileReference; fileEncoding = 4; lastKnownFileType = sourcecode.c.h; path = TMapGpsManager.h; sourceTree = "<group>"; };
		00669CE11888EC6200115850 /* TMapKatec.h */ = {isa = PBXFileReference; fileEncoding = 4; lastKnownFileType = sourcecode.c.h; path = TMapKatec.h; sourceTree = "<group>"; };
		00669CE21888EC6200115850 /* TMapLayer.h */ = {isa = PBXFileReference; fileEncoding = 4; lastKnownFileType = sourcecode.c.h; path = TMapLayer.h; sourceTree = "<group>"; };
		00669CE31888EC6200115850 /* TMapMarker.h */ = {isa = PBXFileReference; fileEncoding = 4; lastKnownFileType = sourcecode.c.h; path = TMapMarker.h; sourceTree = "<group>"; };
		00669CE41888EC6200115850 /* TMapMarkerItem.h */ = {isa = PBXFileReference; fileEncoding = 4; lastKnownFileType = sourcecode.c.h; path = TMapMarkerItem.h; sourceTree = "<group>"; };
		00669CE51888EC6200115850 /* TMapMarkerItem2.h */ = {isa = PBXFileReference; fileEncoding = 4; lastKnownFileType = sourcecode.c.h; path = TMapMarkerItem2.h; sourceTree = "<group>"; };
		00669CE61888EC6200115850 /* TMapObject.h */ = {isa = PBXFileReference; fileEncoding = 4; lastKnownFileType = sourcecode.c.h; path = TMapObject.h; sourceTree = "<group>"; };
		00669CE71888EC6200115850 /* TMapPathData.h */ = {isa = PBXFileReference; fileEncoding = 4; lastKnownFileType = sourcecode.c.h; path = TMapPathData.h; sourceTree = "<group>"; };
		00669CE81888EC6200115850 /* TMapPOIItem.h */ = {isa = PBXFileReference; fileEncoding = 4; lastKnownFileType = sourcecode.c.h; path = TMapPOIItem.h; sourceTree = "<group>"; };
		00669CE91888EC6200115850 /* TMapPoint.h */ = {isa = PBXFileReference; fileEncoding = 4; lastKnownFileType = sourcecode.c.h; path = TMapPoint.h; sourceTree = "<group>"; };
		00669CEA1888EC6200115850 /* TMapPolygon.h */ = {isa = PBXFileReference; fileEncoding = 4; lastKnownFileType = sourcecode.c.h; path = TMapPolygon.h; sourceTree = "<group>"; };
		00669CEB1888EC6200115850 /* TMapPolyLine.h */ = {isa = PBXFileReference; fileEncoding = 4; lastKnownFileType = sourcecode.c.h; path = TMapPolyLine.h; sourceTree = "<group>"; };
		00669CEC1888EC6200115850 /* TMapTapi.h */ = {isa = PBXFileReference; fileEncoding = 4; lastKnownFileType = sourcecode.c.h; path = TMapTapi.h; sourceTree = "<group>"; };
		00669CED1888EC6200115850 /* TMapType.h */ = {isa = PBXFileReference; fileEncoding = 4; lastKnownFileType = sourcecode.c.h; path = TMapType.h; sourceTree = "<group>"; };
		00669CEE1888EC6200115850 /* TMapView.h */ = {isa = PBXFileReference; fileEncoding = 4; lastKnownFileType = sourcecode.c.h; path = TMapView.h; sourceTree = "<group>"; };
		00669CF01888EC6200115850 /* desktop.ini */ = {isa = PBXFileReference; fileEncoding = 4; lastKnownFileType = text; path = desktop.ini; sourceTree = "<group>"; };
		00669CF11888EC6200115850 /* HeadingAngleSmall.png */ = {isa = PBXFileReference; lastKnownFileType = image.png; path = HeadingAngleSmall.png; sourceTree = "<group>"; };
		00669CF21888EC6200115850 /* HeadingAngleSmall@2x.png */ = {isa = PBXFileReference; lastKnownFileType = image.png; path = "HeadingAngleSmall@2x.png"; sourceTree = "<group>"; };
		00669CF31888EC6200115850 /* icon_clustering.png */ = {isa = PBXFileReference; lastKnownFileType = image.png; path = icon_clustering.png; sourceTree = "<group>"; };
		00669CF41888EC6200115850 /* icon_clustering@2x.png */ = {isa = PBXFileReference; lastKnownFileType = image.png; path = "icon_clustering@2x.png"; sourceTree = "<group>"; };
		00669CF51888EC6200115850 /* mapbg_tlogo.png */ = {isa = PBXFileReference; lastKnownFileType = image.png; path = mapbg_tlogo.png; sourceTree = "<group>"; };
		00669CF61888EC6200115850 /* mapbg_tlogo@2x.png */ = {isa = PBXFileReference; lastKnownFileType = image.png; path = "mapbg_tlogo@2x.png"; sourceTree = "<group>"; };
		00669CF71888EC6200115850 /* poweredby.png */ = {isa = PBXFileReference; lastKnownFileType = image.png; path = poweredby.png; sourceTree = "<group>"; };
		00669CF81888EC6200115850 /* poweredby@2x.png */ = {isa = PBXFileReference; lastKnownFileType = image.png; path = "poweredby@2x.png"; sourceTree = "<group>"; };
		00669CF91888EC6200115850 /* TrackingDot.png */ = {isa = PBXFileReference; lastKnownFileType = image.png; path = TrackingDot.png; sourceTree = "<group>"; };
		00669CFA1888EC6200115850 /* TrackingDot@2x.png */ = {isa = PBXFileReference; lastKnownFileType = image.png; path = "TrackingDot@2x.png"; sourceTree = "<group>"; };
		00669CFB1888EC6200115850 /* TrackingDotHalo.png */ = {isa = PBXFileReference; lastKnownFileType = image.png; path = TrackingDotHalo.png; sourceTree = "<group>"; };
		00669CFC1888EC6200115850 /* TrackingDotHalo@2x.png */ = {isa = PBXFileReference; lastKnownFileType = image.png; path = "TrackingDotHalo@2x.png"; sourceTree = "<group>"; };
		00669CFD1888EC6200115850 /* libskpMap_OP-iOS7.0.a */ = {isa = PBXFileReference; lastKnownFileType = archive.ar; path = "libskpMap_OP-iOS7.0.a"; sourceTree = "<group>"; };
		00669D0E1888EF9400115850 /* red_pin.png */ = {isa = PBXFileReference; lastKnownFileType = image.png; path = red_pin.png; sourceTree = "<group>"; };
/* End PBXFileReference section */

/* Begin PBXFrameworksBuildPhase section */
		00669C9C1888EC4200115850 /* Frameworks */ = {
			isa = PBXFrameworksBuildPhase;
			buildActionMask = 2147483647;
			files = (
				00669CA51888EC4200115850 /* CoreGraphics.framework in Frameworks */,
				00669CA71888EC4200115850 /* UIKit.framework in Frameworks */,
				00669D0D1888EC6200115850 /* libskpMap_OP-iOS7.0.a in Frameworks */,
				00669CA31888EC4200115850 /* Foundation.framework in Frameworks */,
			);
			runOnlyForDeploymentPostprocessing = 0;
		};
		00669CBD1888EC4200115850 /* Frameworks */ = {
			isa = PBXFrameworksBuildPhase;
			buildActionMask = 2147483647;
			files = (
				00669CC21888EC4200115850 /* XCTest.framework in Frameworks */,
				00669CC41888EC4200115850 /* UIKit.framework in Frameworks */,
				00669CC31888EC4200115850 /* Foundation.framework in Frameworks */,
			);
			runOnlyForDeploymentPostprocessing = 0;
		};
/* End PBXFrameworksBuildPhase section */

/* Begin PBXGroup section */
		00669C961888EC4200115850 = {
			isa = PBXGroup;
			children = (
				00669CD71888EC6200115850 /* lib */,
				00669CA81888EC4200115850 /* TMapPOITest */,
				00669CC71888EC4200115850 /* TMapPOITestTests */,
				00669CA11888EC4200115850 /* Frameworks */,
				00669CA01888EC4200115850 /* Products */,
			);
			sourceTree = "<group>";
		};
		00669CA01888EC4200115850 /* Products */ = {
			isa = PBXGroup;
			children = (
				00669C9F1888EC4200115850 /* TMapPOITest.app */,
				00669CC01888EC4200115850 /* TMapPOITestTests.xctest */,
			);
			name = Products;
			sourceTree = "<group>";
		};
		00669CA11888EC4200115850 /* Frameworks */ = {
			isa = PBXGroup;
			children = (
				00669CA21888EC4200115850 /* Foundation.framework */,
				00669CA41888EC4200115850 /* CoreGraphics.framework */,
				00669CA61888EC4200115850 /* UIKit.framework */,
				00669CC11888EC4200115850 /* XCTest.framework */,
			);
			name = Frameworks;
			sourceTree = "<group>";
		};
		00669CA81888EC4200115850 /* TMapPOITest */ = {
			isa = PBXGroup;
			children = (
				00669D0E1888EF9400115850 /* red_pin.png */,
				00669CB11888EC4200115850 /* AppDelegate.h */,
				00669CB21888EC4200115850 /* AppDelegate.m */,
				00669CB41888EC4200115850 /* Main.storyboard */,
				00669CB71888EC4200115850 /* ViewController.h */,
				00669CB81888EC4200115850 /* ViewController.m */,
				00669CBA1888EC4200115850 /* Images.xcassets */,
				00669CA91888EC4200115850 /* Supporting Files */,
			);
			path = TMapPOITest;
			sourceTree = "<group>";
		};
		00669CA91888EC4200115850 /* Supporting Files */ = {
			isa = PBXGroup;
			children = (
				00669CAA1888EC4200115850 /* TMapPOITest-Info.plist */,
				00669CAB1888EC4200115850 /* InfoPlist.strings */,
				00669CAE1888EC4200115850 /* main.m */,
				00669CB01888EC4200115850 /* TMapPOITest-Prefix.pch */,
			);
			name = "Supporting Files";
			sourceTree = "<group>";
		};
		00669CC71888EC4200115850 /* TMapPOITestTests */ = {
			isa = PBXGroup;
			children = (
				00669CCD1888EC4200115850 /* TMapPOITestTests.m */,
				00669CC81888EC4200115850 /* Supporting Files */,
			);
			path = TMapPOITestTests;
			sourceTree = "<group>";
		};
		00669CC81888EC4200115850 /* Supporting Files */ = {
			isa = PBXGroup;
			children = (
				00669CC91888EC4200115850 /* TMapPOITestTests-Info.plist */,
				00669CCA1888EC4200115850 /* InfoPlist.strings */,
			);
			name = "Supporting Files";
			sourceTree = "<group>";
		};
		00669CD71888EC6200115850 /* lib */ = {
			isa = PBXGroup;
			children = (
				00669CD91888EC6200115850 /* Headers */,
				00669CEF1888EC6200115850 /* Images */,
				00669CFD1888EC6200115850 /* libskpMap_OP-iOS7.0.a */,
			);
			path = lib;
			sourceTree = "<group>";
		};
		00669CD91888EC6200115850 /* Headers */ = {
			isa = PBXGroup;
			children = (
				00669CDA1888EC6200115850 /* BizCategory.h */,
				00669CDC1888EC6200115850 /* TMap.h */,
				00669CDD1888EC6200115850 /* TMapAnnotation.h */,
				00669CDE1888EC6200115850 /* TMapBaseView.h */,
				00669CDF1888EC6200115850 /* TMapCircle.h */,
				00669CE01888EC6200115850 /* TMapGpsManager.h */,
				00669CE11888EC6200115850 /* TMapKatec.h */,
				00669CE21888EC6200115850 /* TMapLayer.h */,
				00669CE31888EC6200115850 /* TMapMarker.h */,
				00669CE41888EC6200115850 /* TMapMarkerItem.h */,
				00669CE51888EC6200115850 /* TMapMarkerItem2.h */,
				00669CE61888EC6200115850 /* TMapObject.h */,
				00669CE71888EC6200115850 /* TMapPathData.h */,
				00669CE81888EC6200115850 /* TMapPOIItem.h */,
				00669CE91888EC6200115850 /* TMapPoint.h */,
				00669CEA1888EC6200115850 /* TMapPolygon.h */,
				00669CEB1888EC6200115850 /* TMapPolyLine.h */,
				00669CEC1888EC6200115850 /* TMapTapi.h */,
				00669CED1888EC6200115850 /* TMapType.h */,
				00669CEE1888EC6200115850 /* TMapView.h */,
			);
			path = Headers;
			sourceTree = "<group>";
		};
		00669CEF1888EC6200115850 /* Images */ = {
			isa = PBXGroup;
			children = (
				00669CF01888EC6200115850 /* desktop.ini */,
				00669CF11888EC6200115850 /* HeadingAngleSmall.png */,
				00669CF21888EC6200115850 /* HeadingAngleSmall@2x.png */,
				00669CF31888EC6200115850 /* icon_clustering.png */,
				00669CF41888EC6200115850 /* icon_clustering@2x.png */,
				00669CF51888EC6200115850 /* mapbg_tlogo.png */,
				00669CF61888EC6200115850 /* mapbg_tlogo@2x.png */,
				00669CF71888EC6200115850 /* poweredby.png */,
				00669CF81888EC6200115850 /* poweredby@2x.png */,
				00669CF91888EC6200115850 /* TrackingDot.png */,
				00669CFA1888EC6200115850 /* TrackingDot@2x.png */,
				00669CFB1888EC6200115850 /* TrackingDotHalo.png */,
				00669CFC1888EC6200115850 /* TrackingDotHalo@2x.png */,
			);
			path = Images;
			sourceTree = "<group>";
		};
/* End PBXGroup section */

/* Begin PBXNativeTarget section */
		00669C9E1888EC4200115850 /* TMapPOITest */ = {
			isa = PBXNativeTarget;
			buildConfigurationList = 00669CD11888EC4200115850 /* Build configuration list for PBXNativeTarget "TMapPOITest" */;
			buildPhases = (
				00669C9B1888EC4200115850 /* Sources */,
				00669C9C1888EC4200115850 /* Frameworks */,
				00669C9D1888EC4200115850 /* Resources */,
			);
			buildRules = (
			);
			dependencies = (
			);
			name = TMapPOITest;
			productName = TMapPOITest;
			productReference = 00669C9F1888EC4200115850 /* TMapPOITest.app */;
			productType = "com.apple.product-type.application";
		};
		00669CBF1888EC4200115850 /* TMapPOITestTests */ = {
			isa = PBXNativeTarget;
			buildConfigurationList = 00669CD41888EC4200115850 /* Build configuration list for PBXNativeTarget "TMapPOITestTests" */;
			buildPhases = (
				00669CBC1888EC4200115850 /* Sources */,
				00669CBD1888EC4200115850 /* Frameworks */,
				00669CBE1888EC4200115850 /* Resources */,
			);
			buildRules = (
			);
			dependencies = (
				00669CC61888EC4200115850 /* PBXTargetDependency */,
			);
			name = TMapPOITestTests;
			productName = TMapPOITestTests;
			productReference = 00669CC01888EC4200115850 /* TMapPOITestTests.xctest */;
			productType = "com.apple.product-type.bundle.unit-test";
		};
/* End PBXNativeTarget section */

/* Begin PBXProject section */
		00669C971888EC4200115850 /* Project object */ = {
			isa = PBXProject;
			attributes = {
				LastUpgradeCheck = 0500;
				ORGANIZATIONNAME = T;
				TargetAttributes = {
					00669CBF1888EC4200115850 = {
						TestTargetID = 00669C9E1888EC4200115850;
					};
				};
			};
			buildConfigurationList = 00669C9A1888EC4200115850 /* Build configuration list for PBXProject "TMapPOITest" */;
			compatibilityVersion = "Xcode 3.2";
			developmentRegion = English;
			hasScannedForEncodings = 0;
			knownRegions = (
				en,
				Base,
			);
			mainGroup = 00669C961888EC4200115850;
			productRefGroup = 00669CA01888EC4200115850 /* Products */;
			projectDirPath = "";
			projectRoot = "";
			targets = (
				00669C9E1888EC4200115850 /* TMapPOITest */,
				00669CBF1888EC4200115850 /* TMapPOITestTests */,
			);
		};
/* End PBXProject section */

/* Begin PBXResourcesBuildPhase section */
		00669C9D1888EC4200115850 /* Resources */ = {
			isa = PBXResourcesBuildPhase;
			buildActionMask = 2147483647;
			files = (
				00669D031888EC6200115850 /* icon_clustering.png in Resources */,
				00669D0C1888EC6200115850 /* TrackingDotHalo@2x.png in Resources */,
				00669D0B1888EC6200115850 /* TrackingDotHalo.png in Resources */,
				00669D001888EC6200115850 /* desktop.ini in Resources */,
				00669D011888EC6200115850 /* HeadingAngleSmall.png in Resources */,
				00669CBB1888EC4200115850 /* Images.xcassets in Resources */,
				00669D041888EC6200115850 /* icon_clustering@2x.png in Resources */,
				00669D061888EC6200115850 /* mapbg_tlogo@2x.png in Resources */,
				00669CAD1888EC4200115850 /* InfoPlist.strings in Resources */,
				00669D0F1888EF9400115850 /* red_pin.png in Resources */,
				00669D051888EC6200115850 /* mapbg_tlogo.png in Resources */,
				00669D0A1888EC6200115850 /* TrackingDot@2x.png in Resources */,
				00669D091888EC6200115850 /* TrackingDot.png in Resources */,
				00669D021888EC6200115850 /* HeadingAngleSmall@2x.png in Resources */,
				00669D081888EC6200115850 /* poweredby@2x.png in Resources */,
				00669D071888EC6200115850 /* poweredby.png in Resources */,
				00669CB61888EC4200115850 /* Main.storyboard in Resources */,
			);
			runOnlyForDeploymentPostprocessing = 0;
		};
		00669CBE1888EC4200115850 /* Resources */ = {
			isa = PBXResourcesBuildPhase;
			buildActionMask = 2147483647;
			files = (
				00669CCC1888EC4200115850 /* InfoPlist.strings in Resources */,
			);
			runOnlyForDeploymentPostprocessing = 0;
		};
/* End PBXResourcesBuildPhase section */

/* Begin PBXSourcesBuildPhase section */
		00669C9B1888EC4200115850 /* Sources */ = {
			isa = PBXSourcesBuildPhase;
			buildActionMask = 2147483647;
			files = (
				00669CB91888EC4200115850 /* ViewController.m in Sources */,
				00669CB31888EC4200115850 /* AppDelegate.m in Sources */,
				00669CAF1888EC4200115850 /* main.m in Sources */,
			);
			runOnlyForDeploymentPostprocessing = 0;
		};
		00669CBC1888EC4200115850 /* Sources */ = {
			isa = PBXSourcesBuildPhase;
			buildActionMask = 2147483647;
			files = (
				00669CCE1888EC4200115850 /* TMapPOITestTests.m in Sources */,
			);
			runOnlyForDeploymentPostprocessing = 0;
		};
/* End PBXSourcesBuildPhase section */

/* Begin PBXTargetDependency section */
		00669CC61888EC4200115850 /* PBXTargetDependency */ = {
			isa = PBXTargetDependency;
			target = 00669C9E1888EC4200115850 /* TMapPOITest */;
			targetProxy = 00669CC51888EC4200115850 /* PBXContainerItemProxy */;
		};
/* End PBXTargetDependency section */

/* Begin PBXVariantGroup section */
		00669CAB1888EC4200115850 /* InfoPlist.strings */ = {
			isa = PBXVariantGroup;
			children = (
				00669CAC1888EC4200115850 /* en */,
			);
			name = InfoPlist.strings;
			sourceTree = "<group>";
		};
		00669CB41888EC4200115850 /* Main.storyboard */ = {
			isa = PBXVariantGroup;
			children = (
				00669CB51888EC4200115850 /* Base */,
			);
			name = Main.storyboard;
			sourceTree = "<group>";
		};
		00669CCA1888EC4200115850 /* InfoPlist.strings */ = {
			isa = PBXVariantGroup;
			children = (
				00669CCB1888EC4200115850 /* en */,
			);
			name = InfoPlist.strings;
			sourceTree = "<group>";
		};
/* End PBXVariantGroup section */

/* Begin XCBuildConfiguration section */
		00669CCF1888EC4200115850 /* Debug */ = {
			isa = XCBuildConfiguration;
			buildSettings = {
				ALWAYS_SEARCH_USER_PATHS = NO;
				ARCHS = "$(ARCHS_STANDARD_INCLUDING_64_BIT)";
				CLANG_CXX_LANGUAGE_STANDARD = "gnu++0x";
				CLANG_CXX_LIBRARY = "libc++";
				CLANG_ENABLE_MODULES = YES;
				CLANG_ENABLE_OBJC_ARC = YES;
				CLANG_WARN_BOOL_CONVERSION = YES;
				CLANG_WARN_CONSTANT_CONVERSION = YES;
				CLANG_WARN_DIRECT_OBJC_ISA_USAGE = YES_ERROR;
				CLANG_WARN_EMPTY_BODY = YES;
				CLANG_WARN_ENUM_CONVERSION = YES;
				CLANG_WARN_INT_CONVERSION = YES;
				CLANG_WARN_OBJC_ROOT_CLASS = YES_ERROR;
				CLANG_WARN__DUPLICATE_METHOD_MATCH = YES;
				"CODE_SIGN_IDENTITY[sdk=iphoneos*]" = "iPhone Developer";
				COPY_PHASE_STRIP = NO;
				GCC_C_LANGUAGE_STANDARD = gnu99;
				GCC_DYNAMIC_NO_PIC = NO;
				GCC_OPTIMIZATION_LEVEL = 0;
				GCC_PREPROCESSOR_DEFINITIONS = (
					"DEBUG=1",
					"$(inherited)",
				);
				GCC_SYMBOLS_PRIVATE_EXTERN = NO;
				GCC_WARN_64_TO_32_BIT_CONVERSION = YES;
				GCC_WARN_ABOUT_RETURN_TYPE = YES_ERROR;
				GCC_WARN_UNDECLARED_SELECTOR = YES;
				GCC_WARN_UNINITIALIZED_AUTOS = YES;
				GCC_WARN_UNUSED_FUNCTION = YES;
				GCC_WARN_UNUSED_VARIABLE = YES;
				IPHONEOS_DEPLOYMENT_TARGET = 7.0;
				ONLY_ACTIVE_ARCH = YES;
				SDKROOT = iphoneos;
			};
			name = Debug;
		};
		00669CD01888EC4200115850 /* Release */ = {
			isa = XCBuildConfiguration;
			buildSettings = {
				ALWAYS_SEARCH_USER_PATHS = NO;
				ARCHS = "$(ARCHS_STANDARD_INCLUDING_64_BIT)";
				CLANG_CXX_LANGUAGE_STANDARD = "gnu++0x";
				CLANG_CXX_LIBRARY = "libc++";
				CLANG_ENABLE_MODULES = YES;
				CLANG_ENABLE_OBJC_ARC = YES;
				CLANG_WARN_BOOL_CONVERSION = YES;
				CLANG_WARN_CONSTANT_CONVERSION = YES;
				CLANG_WARN_DIRECT_OBJC_ISA_USAGE = YES_ERROR;
				CLANG_WARN_EMPTY_BODY = YES;
				CLANG_WARN_ENUM_CONVERSION = YES;
				CLANG_WARN_INT_CONVERSION = YES;
				CLANG_WARN_OBJC_ROOT_CLASS = YES_ERROR;
				CLANG_WARN__DUPLICATE_METHOD_MATCH = YES;
				"CODE_SIGN_IDENTITY[sdk=iphoneos*]" = "iPhone Developer";
				COPY_PHASE_STRIP = YES;
				ENABLE_NS_ASSERTIONS = NO;
				GCC_C_LANGUAGE_STANDARD = gnu99;
				GCC_WARN_64_TO_32_BIT_CONVERSION = YES;
				GCC_WARN_ABOUT_RETURN_TYPE = YES_ERROR;
				GCC_WARN_UNDECLARED_SELECTOR = YES;
				GCC_WARN_UNINITIALIZED_AUTOS = YES;
				GCC_WARN_UNUSED_FUNCTION = YES;
				GCC_WARN_UNUSED_VARIABLE = YES;
				IPHONEOS_DEPLOYMENT_TARGET = 7.0;
				SDKROOT = iphoneos;
				VALIDATE_PRODUCT = YES;
			};
			name = Release;
		};
		00669CD21888EC4200115850 /* Debug */ = {
			isa = XCBuildConfiguration;
			buildSettings = {
				ASSETCATALOG_COMPILER_APPICON_NAME = AppIcon;
				ASSETCATALOG_COMPILER_LAUNCHIMAGE_NAME = LaunchImage;
				GCC_PRECOMPILE_PREFIX_HEADER = YES;
				GCC_PREFIX_HEADER = "TMapPOITest/TMapPOITest-Prefix.pch";
				HEADER_SEARCH_PATHS = (
					"$(inherited)",
					/Applications/Xcode.app/Contents/Developer/Toolchains/XcodeDefault.xctoolchain/usr/include,
					"/Users/sdt-1/Documents/Projects/02_iPhoneApplication/TMapPOITest/lib/Headers",
				);
				INFOPLIST_FILE = "TMapPOITest/TMapPOITest-Info.plist";
				LIBRARY_SEARCH_PATHS = (
					"$(inherited)",
					"/Users/sdt-1/Documents/Projects/02_iPhoneApplication/TMapPOITest/lib",
				);
				PRODUCT_NAME = "$(TARGET_NAME)";
				WRAPPER_EXTENSION = app;
			};
			name = Debug;
		};
		00669CD31888EC4200115850 /* Release */ = {
			isa = XCBuildConfiguration;
			buildSettings = {
				ASSETCATALOG_COMPILER_APPICON_NAME = AppIcon;
				ASSETCATALOG_COMPILER_LAUNCHIMAGE_NAME = LaunchImage;
				GCC_PRECOMPILE_PREFIX_HEADER = YES;
				GCC_PREFIX_HEADER = "TMapPOITest/TMapPOITest-Prefix.pch";
				HEADER_SEARCH_PATHS = (
					"$(inherited)",
					/Applications/Xcode.app/Contents/Developer/Toolchains/XcodeDefault.xctoolchain/usr/include,
					"/Users/sdt-1/Documents/Projects/02_iPhoneApplication/TMapPOITest/lib/Headers",
				);
				INFOPLIST_FILE = "TMapPOITest/TMapPOITest-Info.plist";
				LIBRARY_SEARCH_PATHS = (
					"$(inherited)",
					"/Users/sdt-1/Documents/Projects/02_iPhoneApplication/TMapPOITest/lib",
				);
				PRODUCT_NAME = "$(TARGET_NAME)";
				WRAPPER_EXTENSION = app;
			};
			name = Release;
		};
		00669CD51888EC4200115850 /* Debug */ = {
			isa = XCBuildConfiguration;
			buildSettings = {
				ARCHS = "$(ARCHS_STANDARD_INCLUDING_64_BIT)";
				BUNDLE_LOADER = "$(BUILT_PRODUCTS_DIR)/TMapPOITest.app/TMapPOITest";
				FRAMEWORK_SEARCH_PATHS = (
					"$(SDKROOT)/Developer/Library/Frameworks",
					"$(inherited)",
					"$(DEVELOPER_FRAMEWORKS_DIR)",
				);
				GCC_PRECOMPILE_PREFIX_HEADER = YES;
				GCC_PREFIX_HEADER = "TMapPOITest/TMapPOITest-Prefix.pch";
				GCC_PREPROCESSOR_DEFINITIONS = (
					"DEBUG=1",
					"$(inherited)",
				);
				INFOPLIST_FILE = "TMapPOITestTests/TMapPOITestTests-Info.plist";
				PRODUCT_NAME = "$(TARGET_NAME)";
				TEST_HOST = "$(BUNDLE_LOADER)";
				WRAPPER_EXTENSION = xctest;
			};
			name = Debug;
		};
		00669CD61888EC4200115850 /* Release */ = {
			isa = XCBuildConfiguration;
			buildSettings = {
				ARCHS = "$(ARCHS_STANDARD_INCLUDING_64_BIT)";
				BUNDLE_LOADER = "$(BUILT_PRODUCTS_DIR)/TMapPOITest.app/TMapPOITest";
				FRAMEWORK_SEARCH_PATHS = (
					"$(SDKROOT)/Developer/Library/Frameworks",
					"$(inherited)",
					"$(DEVELOPER_FRAMEWORKS_DIR)",
				);
				GCC_PRECOMPILE_PREFIX_HEADER = YES;
				GCC_PREFIX_HEADER = "TMapPOITest/TMapPOITest-Prefix.pch";
				INFOPLIST_FILE = "TMapPOITestTests/TMapPOITestTests-Info.plist";
				PRODUCT_NAME = "$(TARGET_NAME)";
				TEST_HOST = "$(BUNDLE_LOADER)";
				WRAPPER_EXTENSION = xctest;
			};
			name = Release;
		};
/* End XCBuildConfiguration section */

/* Begin XCConfigurationList section */
		00669C9A1888EC4200115850 /* Build configuration list for PBXProject "TMapPOITest" */ = {
			isa = XCConfigurationList;
			buildConfigurations = (
				00669CCF1888EC4200115850 /* Debug */,
				00669CD01888EC4200115850 /* Release */,
			);
			defaultConfigurationIsVisible = 0;
			defaultConfigurationName = Release;
		};
		00669CD11888EC4200115850 /* Build configuration list for PBXNativeTarget "TMapPOITest" */ = {
			isa = XCConfigurationList;
			buildConfigurations = (
				00669CD21888EC4200115850 /* Debug */,
				00669CD31888EC4200115850 /* Release */,
			);
			defaultConfigurationIsVisible = 0;
		};
		00669CD41888EC4200115850 /* Build configuration list for PBXNativeTarget "TMapPOITestTests" */ = {
			isa = XCConfigurationList;
			buildConfigurations = (
				00669CD51888EC4200115850 /* Debug */,
				00669CD61888EC4200115850 /* Release */,
			);
			defaultConfigurationIsVisible = 0;
		};
/* End XCConfigurationList section */
	};
	rootObject = 00669C971888EC4200115850 /* Project object */;
}
